// !$*UTF8*$!
{
	archiveVersion = 1;
	classes = {
	};
	objectVersion = 46;
	objects = {

/* Begin PBXBuildFile section */
		A57A1FD21C80FD3B0085930B /* AppDelegate.swift in Sources */ = {isa = PBXBuildFile; fileRef = A57A1FD11C80FD3B0085930B /* AppDelegate.swift */; };
		A57A1FD41C80FD3B0085930B /* ViewController.swift in Sources */ = {isa = PBXBuildFile; fileRef = A57A1FD31C80FD3B0085930B /* ViewController.swift */; };
		A57A1FD61C80FD3B0085930B /* Assets.xcassets in Resources */ = {isa = PBXBuildFile; fileRef = A57A1FD51C80FD3B0085930B /* Assets.xcassets */; };
		A57A1FD91C80FD3B0085930B /* Main.storyboard in Resources */ = {isa = PBXBuildFile; fileRef = A57A1FD71C80FD3B0085930B /* Main.storyboard */; };
		A57A1FE41C80FD3C0085930B /* JPEGGlitcherTests.swift in Sources */ = {isa = PBXBuildFile; fileRef = A57A1FE31C80FD3C0085930B /* JPEGGlitcherTests.swift */; };
/* End PBXBuildFile section */

/* Begin PBXContainerItemProxy section */
		A57A1FE01C80FD3C0085930B /* PBXContainerItemProxy */ = {
			isa = PBXContainerItemProxy;
			containerPortal = A57A1FC61C80FD3B0085930B /* Project object */;
			proxyType = 1;
			remoteGlobalIDString = A57A1FCD1C80FD3B0085930B;
			remoteInfo = JPEGGlitcher;
		};
/* End PBXContainerItemProxy section */

/* Begin PBXFileReference section */
		A57A1FCE1C80FD3B0085930B /* JPEGGlitcher.app */ = {isa = PBXFileReference; explicitFileType = wrapper.application; includeInIndex = 0; path = JPEGGlitcher.app; sourceTree = BUILT_PRODUCTS_DIR; };
		A57A1FD11C80FD3B0085930B /* AppDelegate.swift */ = {isa = PBXFileReference; lastKnownFileType = sourcecode.swift; path = AppDelegate.swift; sourceTree = "<group>"; };
		A57A1FD31C80FD3B0085930B /* ViewController.swift */ = {isa = PBXFileReference; lastKnownFileType = sourcecode.swift; path = ViewController.swift; sourceTree = "<group>"; };
		A57A1FD51C80FD3B0085930B /* Assets.xcassets */ = {isa = PBXFileReference; lastKnownFileType = folder.assetcatalog; path = Assets.xcassets; sourceTree = "<group>"; };
		A57A1FD81C80FD3B0085930B /* Base */ = {isa = PBXFileReference; lastKnownFileType = file.storyboard; name = Base; path = Base.lproj/Main.storyboard; sourceTree = "<group>"; };
		A57A1FDA1C80FD3B0085930B /* Info.plist */ = {isa = PBXFileReference; lastKnownFileType = text.plist.xml; path = Info.plist; sourceTree = "<group>"; };
		A57A1FDF1C80FD3C0085930B /* JPEGGlitcherTests.xctest */ = {isa = PBXFileReference; explicitFileType = wrapper.cfbundle; includeInIndex = 0; path = JPEGGlitcherTests.xctest; sourceTree = BUILT_PRODUCTS_DIR; };
		A57A1FE31C80FD3C0085930B /* JPEGGlitcherTests.swift */ = {isa = PBXFileReference; lastKnownFileType = sourcecode.swift; path = JPEGGlitcherTests.swift; sourceTree = "<group>"; };
		A57A1FE51C80FD3C0085930B /* Info.plist */ = {isa = PBXFileReference; lastKnownFileType = text.plist.xml; path = Info.plist; sourceTree = "<group>"; };
/* End PBXFileReference section */

/* Begin PBXFrameworksBuildPhase section */
		A57A1FCB1C80FD3B0085930B /* Frameworks */ = {
			isa = PBXFrameworksBuildPhase;
			buildActionMask = 2147483647;
			files = (
			);
			runOnlyForDeploymentPostprocessing = 0;
		};
		A57A1FDC1C80FD3C0085930B /* Frameworks */ = {
			isa = PBXFrameworksBuildPhase;
			buildActionMask = 2147483647;
			files = (
			);
			runOnlyForDeploymentPostprocessing = 0;
		};
/* End PBXFrameworksBuildPhase section */

/* Begin PBXGroup section */
		A57A1FC51C80FD3B0085930B = {
			isa = PBXGroup;
			children = (
				A57A1FD01C80FD3B0085930B /* JPEGGlitcher */,
				A57A1FE21C80FD3C0085930B /* JPEGGlitcherTests */,
				A57A1FCF1C80FD3B0085930B /* Products */,
			);
			sourceTree = "<group>";
		};
		A57A1FCF1C80FD3B0085930B /* Products */ = {
			isa = PBXGroup;
			children = (
				A57A1FCE1C80FD3B0085930B /* JPEGGlitcher.app */,
				A57A1FDF1C80FD3C0085930B /* JPEGGlitcherTests.xctest */,
			);
			name = Products;
			sourceTree = "<group>";
		};
		A57A1FD01C80FD3B0085930B /* JPEGGlitcher */ = {
			isa = PBXGroup;
			children = (
				A57A1FD11C80FD3B0085930B /* AppDelegate.swift */,
				A57A1FD31C80FD3B0085930B /* ViewController.swift */,
				A57A1FD51C80FD3B0085930B /* Assets.xcassets */,
				A57A1FD71C80FD3B0085930B /* Main.storyboard */,
				A57A1FDA1C80FD3B0085930B /* Info.plist */,
			);
			path = JPEGGlitcher;
			sourceTree = "<group>";
		};
		A57A1FE21C80FD3C0085930B /* JPEGGlitcherTests */ = {
			isa = PBXGroup;
			children = (
				A57A1FE31C80FD3C0085930B /* JPEGGlitcherTests.swift */,
				A57A1FE51C80FD3C0085930B /* Info.plist */,
			);
			path = JPEGGlitcherTests;
			sourceTree = "<group>";
		};
/* End PBXGroup section */

/* Begin PBXNativeTarget section */
		A57A1FCD1C80FD3B0085930B /* JPEGGlitcher */ = {
			isa = PBXNativeTarget;
			buildConfigurationList = A57A1FE81C80FD3C0085930B /* Build configuration list for PBXNativeTarget "JPEGGlitcher" */;
			buildPhases = (
				A57A1FCA1C80FD3B0085930B /* Sources */,
				A57A1FCB1C80FD3B0085930B /* Frameworks */,
				A57A1FCC1C80FD3B0085930B /* Resources */,
			);
			buildRules = (
			);
			dependencies = (
			);
			name = JPEGGlitcher;
			productName = JPEGGlitcher;
			productReference = A57A1FCE1C80FD3B0085930B /* JPEGGlitcher.app */;
			productType = "com.apple.product-type.application";
		};
		A57A1FDE1C80FD3C0085930B /* JPEGGlitcherTests */ = {
			isa = PBXNativeTarget;
			buildConfigurationList = A57A1FEB1C80FD3C0085930B /* Build configuration list for PBXNativeTarget "JPEGGlitcherTests" */;
			buildPhases = (
				A57A1FDB1C80FD3C0085930B /* Sources */,
				A57A1FDC1C80FD3C0085930B /* Frameworks */,
				A57A1FDD1C80FD3C0085930B /* Resources */,
			);
			buildRules = (
			);
			dependencies = (
				A57A1FE11C80FD3C0085930B /* PBXTargetDependency */,
			);
			name = JPEGGlitcherTests;
			productName = JPEGGlitcherTests;
			productReference = A57A1FDF1C80FD3C0085930B /* JPEGGlitcherTests.xctest */;
			productType = "com.apple.product-type.bundle.unit-test";
		};
/* End PBXNativeTarget section */

/* Begin PBXProject section */
		A57A1FC61C80FD3B0085930B /* Project object */ = {
			isa = PBXProject;
			attributes = {
				LastSwiftUpdateCheck = 0710;
				LastUpgradeCheck = 0710;
				ORGANIZATIONNAME = ZweiGraf;
				TargetAttributes = {
					A57A1FCD1C80FD3B0085930B = {
						CreatedOnToolsVersion = 7.1;
					};
					A57A1FDE1C80FD3C0085930B = {
						CreatedOnToolsVersion = 7.1;
						TestTargetID = A57A1FCD1C80FD3B0085930B;
					};
				};
			};
			buildConfigurationList = A57A1FC91C80FD3B0085930B /* Build configuration list for PBXProject "JPEGGlitcher" */;
			compatibilityVersion = "Xcode 3.2";
			developmentRegion = English;
			hasScannedForEncodings = 0;
			knownRegions = (
				en,
				Base,
			);
			mainGroup = A57A1FC51C80FD3B0085930B;
			productRefGroup = A57A1FCF1C80FD3B0085930B /* Products */;
			projectDirPath = "";
			projectRoot = "";
			targets = (
				A57A1FCD1C80FD3B0085930B /* JPEGGlitcher */,
				A57A1FDE1C80FD3C0085930B /* JPEGGlitcherTests */,
			);
		};
/* End PBXProject section */

/* Begin PBXResourcesBuildPhase section */
		A57A1FCC1C80FD3B0085930B /* Resources */ = {
			isa = PBXResourcesBuildPhase;
			buildActionMask = 2147483647;
			files = (
				A57A1FD61C80FD3B0085930B /* Assets.xcassets in Resources */,
				A57A1FD91C80FD3B0085930B /* Main.storyboard in Resources */,
			);
			runOnlyForDeploymentPostprocessing = 0;
		};
		A57A1FDD1C80FD3C0085930B /* Resources */ = {
			isa = PBXResourcesBuildPhase;
			buildActionMask = 2147483647;
			files = (
			);
			runOnlyForDeploymentPostprocessing = 0;
		};
/* End PBXResourcesBuildPhase section */

/* Begin PBXSourcesBuildPhase section */
		A57A1FCA1C80FD3B0085930B /* Sources */ = {
			isa = PBXSourcesBuildPhase;
			buildActionMask = 2147483647;
			files = (
				A57A1FD41C80FD3B0085930B /* ViewController.swift in Sources */,
				A57A1FD21C80FD3B0085930B /* AppDelegate.swift in Sources */,
			);
			runOnlyForDeploymentPostprocessing = 0;
		};
		A57A1FDB1C80FD3C0085930B /* Sources */ = {
			isa = PBXSourcesBuildPhase;
			buildActionMask = 2147483647;
			files = (
				A57A1FE41C80FD3C0085930B /* JPEGGlitcherTests.swift in Sources */,
			);
			runOnlyForDeploymentPostprocessing = 0;
		};
/* End PBXSourcesBuildPhase section */

/* Begin PBXTargetDependency section */
		A57A1FE11C80FD3C0085930B /* PBXTargetDependency */ = {
			isa = PBXTargetDependency;
			target = A57A1FCD1C80FD3B0085930B /* JPEGGlitcher */;
			targetProxy = A57A1FE01C80FD3C0085930B /* PBXContainerItemProxy */;
		};
/* End PBXTargetDependency section */

/* Begin PBXVariantGroup section */
		A57A1FD71C80FD3B0085930B /* Main.storyboard */ = {
			isa = PBXVariantGroup;
			children = (
				A57A1FD81C80FD3B0085930B /* Base */,
			);
			name = Main.storyboard;
			sourceTree = "<group>";
		};
/* End PBXVariantGroup section */

/* Begin XCBuildConfiguration section */
		A57A1FE61C80FD3C0085930B /* Debug */ = {
			isa = XCBuildConfiguration;
			buildSettings = {
				ALWAYS_SEARCH_USER_PATHS = NO;
				CLANG_CXX_LANGUAGE_STANDARD = "gnu++0x";
				CLANG_CXX_LIBRARY = "libc++";
				CLANG_ENABLE_MODULES = YES;
				CLANG_ENABLE_OBJC_ARC = YES;
				CLANG_WARN_BOOL_CONVERSION = YES;
				CLANG_WARN_CONSTANT_CONVERSION = YES;
				CLANG_WARN_DIRECT_OBJC_ISA_USAGE = YES_ERROR;
				CLANG_WARN_EMPTY_BODY = YES;
				CLANG_WARN_ENUM_CONVERSION = YES;
				CLANG_WARN_INT_CONVERSION = YES;
				CLANG_WARN_OBJC_ROOT_CLASS = YES_ERROR;
				CLANG_WARN_UNREACHABLE_CODE = YES;
				CLANG_WARN__DUPLICATE_METHOD_MATCH = YES;
				CODE_SIGN_IDENTITY = "-";
				COPY_PHASE_STRIP = NO;
				DEBUG_INFORMATION_FORMAT = dwarf;
				ENABLE_STRICT_OBJC_MSGSEND = YES;
				ENABLE_TESTABILITY = YES;
				GCC_C_LANGUAGE_STANDARD = gnu99;
				GCC_DYNAMIC_NO_PIC = NO;
				GCC_NO_COMMON_BLOCKS = YES;
				GCC_OPTIMIZATION_LEVEL = 0;
				GCC_PREPROCESSOR_DEFINITIONS = (
					"DEBUG=1",
					"$(inherited)",
				);
				GCC_WARN_64_TO_32_BIT_CONVERSION = YES;
				GCC_WARN_ABOUT_RETURN_TYPE = YES_ERROR;
				GCC_WARN_UNDECLARED_SELECTOR = YES;
				GCC_WARN_UNINITIALIZED_AUTOS = YES_AGGRESSIVE;
				GCC_WARN_UNUSED_FUNCTION = YES;
				GCC_WARN_UNUSED_VARIABLE = YES;
				MACOSX_DEPLOYMENT_TARGET = 10.11;
				MTL_ENABLE_DEBUG_INFO = YES;
				ONLY_ACTIVE_ARCH = YES;
				SDKROOT = macosx;
				SWIFT_OPTIMIZATION_LEVEL = "-Onone";
			};
			name = Debug;
		};
		A57A1FE71C80FD3C0085930B /* Release */ = {
			isa = XCBuildConfiguration;
			buildSettings = {
				ALWAYS_SEARCH_USER_PATHS = NO;
				CLANG_CXX_LANGUAGE_STANDARD = "gnu++0x";
				CLANG_CXX_LIBRARY = "libc++";
				CLANG_ENABLE_MODULES = YES;
				CLANG_ENABLE_OBJC_ARC = YES;
				CLANG_WARN_BOOL_CONVERSION = YES;
				CLANG_WARN_CONSTANT_CONVERSION = YES;
				CLANG_WARN_DIRECT_OBJC_ISA_USAGE = YES_ERROR;
				CLANG_WARN_EMPTY_BODY = YES;
				CLANG_WARN_ENUM_CONVERSION = YES;
				CLANG_WARN_INT_CONVERSION = YES;
				CLANG_WARN_OBJC_ROOT_CLASS = YES_ERROR;
				CLANG_WARN_UNREACHABLE_CODE = YES;
				CLANG_WARN__DUPLICATE_METHOD_MATCH = YES;
				CODE_SIGN_IDENTITY = "-";
				COPY_PHASE_STRIP = NO;
				DEBUG_INFORMATION_FORMAT = "dwarf-with-dsym";
				ENABLE_NS_ASSERTIONS = NO;
				ENABLE_STRICT_OBJC_MSGSEND = YES;
				GCC_C_LANGUAGE_STANDARD = gnu99;
				GCC_NO_COMMON_BLOCKS = YES;
				GCC_WARN_64_TO_32_BIT_CONVERSION = YES;
				GCC_WARN_ABOUT_RETURN_TYPE = YES_ERROR;
				GCC_WARN_UNDECLARED_SELECTOR = YES;
				GCC_WARN_UNINITIALIZED_AUTOS = YES_AGGRESSIVE;
				GCC_WARN_UNUSED_FUNCTION = YES;
				GCC_WARN_UNUSED_VARIABLE = YES;
				MACOSX_DEPLOYMENT_TARGET = 10.11;
				MTL_ENABLE_DEBUG_INFO = NO;
				SDKROOT = macosx;
			};
			name = Release;
		};
		A57A1FE91C80FD3C0085930B /* Debug */ = {
			isa = XCBuildConfiguration;
			buildSettings = {
				ASSETCATALOG_COMPILER_APPICON_NAME = AppIcon;
				COMBINE_HIDPI_IMAGES = YES;
				INFOPLIST_FILE = JPEGGlitcher/Info.plist;
				LD_RUNPATH_SEARCH_PATHS = "$(inherited) @executable_path/../Frameworks";
				PRODUCT_BUNDLE_IDENTIFIER = com.zweigraf.JPEGGlitcher;
				PRODUCT_NAME = "$(TARGET_NAME)";
			};
			name = Debug;
		};
		A57A1FEA1C80FD3C0085930B /* Release */ = {
			isa = XCBuildConfiguration;
			buildSettings = {
				ASSETCATALOG_COMPILER_APPICON_NAME = AppIcon;
				COMBINE_HIDPI_IMAGES = YES;
				INFOPLIST_FILE = JPEGGlitcher/Info.plist;
				LD_RUNPATH_SEARCH_PATHS = "$(inherited) @executable_path/../Frameworks";
				PRODUCT_BUNDLE_IDENTIFIER = com.zweigraf.JPEGGlitcher;
				PRODUCT_NAME = "$(TARGET_NAME)";
			};
			name = Release;
		};
		A57A1FEC1C80FD3C0085930B /* Debug */ = {
			isa = XCBuildConfiguration;
			buildSettings = {
				BUNDLE_LOADER = "$(TEST_HOST)";
				COMBINE_HIDPI_IMAGES = YES;
				INFOPLIST_FILE = JPEGGlitcherTests/Info.plist;
				LD_RUNPATH_SEARCH_PATHS = "$(inherited) @executable_path/../Frameworks @loader_path/../Frameworks";
				PRODUCT_BUNDLE_IDENTIFIER = com.zweigraf.JPEGGlitcherTests;
				PRODUCT_NAME = "$(TARGET_NAME)";
				TEST_HOST = "$(BUILT_PRODUCTS_DIR)/JPEGGlitcher.app/Contents/MacOS/JPEGGlitcher";
			};
			name = Debug;
		};
		A57A1FED1C80FD3C0085930B /* Release */ = {
			isa = XCBuildConfiguration;
			buildSettings = {
				BUNDLE_LOADER = "$(TEST_HOST)";
				COMBINE_HIDPI_IMAGES = YES;
				INFOPLIST_FILE = JPEGGlitcherTests/Info.plist;
				LD_RUNPATH_SEARCH_PATHS = "$(inherited) @executable_path/../Frameworks @loader_path/../Frameworks";
				PRODUCT_BUNDLE_IDENTIFIER = com.zweigraf.JPEGGlitcherTests;
				PRODUCT_NAME = "$(TARGET_NAME)";
				TEST_HOST = "$(BUILT_PRODUCTS_DIR)/JPEGGlitcher.app/Contents/MacOS/JPEGGlitcher";
			};
			name = Release;
		};
/* End XCBuildConfiguration section */

/* Begin XCConfigurationList section */
		A57A1FC91C80FD3B0085930B /* Build configuration list for PBXProject "JPEGGlitcher" */ = {
			isa = XCConfigurationList;
			buildConfigurations = (
				A57A1FE61C80FD3C0085930B /* Debug */,
				A57A1FE71C80FD3C0085930B /* Release */,
			);
			defaultConfigurationIsVisible = 0;
			defaultConfigurationName = Release;
		};
		A57A1FE81C80FD3C0085930B /* Build configuration list for PBXNativeTarget "JPEGGlitcher" */ = {
			isa = XCConfigurationList;
			buildConfigurations = (
				A57A1FE91C80FD3C0085930B /* Debug */,
				A57A1FEA1C80FD3C0085930B /* Release */,
			);
			defaultConfigurationIsVisible = 0;
		};
		A57A1FEB1C80FD3C0085930B /* Build configuration list for PBXNativeTarget "JPEGGlitcherTests" */ = {
			isa = XCConfigurationList;
			buildConfigurations = (
				A57A1FEC1C80FD3C0085930B /* Debug */,
				A57A1FED1C80FD3C0085930B /* Release */,
			);
			defaultConfigurationIsVisible = 0;
		};
/* End XCConfigurationList section */
	};
	rootObject = A57A1FC61C80FD3B0085930B /* Project object */;
}
